
Microsoft Visual Studio Solution File, Format Version 12.00
# Visual Studio 15
VisualStudioVersion = 15.0.27703.2042
MinimumVisualStudioVersion = 10.0.40219.1
Project("{FAE04EC0-301F-11D3-BF4B-00C04F79EFBC}") = "testview", "testview\testview.csproj", "{9A5D6292-A200-4C48-B1AD-4A9AF3D1D633}"
EndProject
Global
	GlobalSection(SolutionConfigurationPlatforms) = preSolution
		Debug|Any CPU = Debug|Any CPU
		Release|Any CPU = Release|Any CPU
	EndGlobalSection
	GlobalSection(ProjectConfigurationPlatforms) = postSolution
		{9A5D6292-A200-4C48-B1AD-4A9AF3D1D633}.Debug|Any CPU.ActiveCfg = Debug|Any CPU
		{9A5D6292-A200-4C48-B1AD-4A9AF3D1D633}.Debug|Any CPU.Build.0 = Debug|Any CPU
		{9A5D6292-A200-4C48-B1AD-4A9AF3D1D633}.Release|Any CPU.ActiveCfg = Release|Any CPU
		{9A5D6292-A200-4C48-B1AD-4A9AF3D1D633}.Release|Any CPU.Build.0 = Release|Any CPU
	EndGlobalSection
	GlobalSection(SolutionProperties) = preSolution
		HideSolutionNode = FALSE
	EndGlobalSection
	GlobalSection(ExtensibilityGlobals) = postSolution
		SolutionGuid = {423B815A-720A-40BF-9DEF-DC12C3A676CE}
	EndGlobalSection
EndGlobal
